
Microsoft Visual Studio Solution File, Format Version 12.00
# Visual Studio Version 16
VisualStudioVersion = 16.0.31729.503
MinimumVisualStudioVersion = 10.0.40219.1
Project("{FAE04EC0-301F-11D3-BF4B-00C04F79EFBC}") = "Editor de texto", "Editor de texto.csproj", "{13A792C3-292C-4A0F-80F2-1B79B278EEA1}"
EndProject
Global
	GlobalSection(SolutionConfigurationPlatforms) = preSolution
		Debug|Any CPU = Debug|Any CPU
		Release|Any CPU = Release|Any CPU
	EndGlobalSection
	GlobalSection(ProjectConfigurationPlatforms) = postSolution
		{13A792C3-292C-4A0F-80F2-1B79B278EEA1}.Debug|Any CPU.ActiveCfg = Debug|Any CPU
		{13A792C3-292C-4A0F-80F2-1B79B278EEA1}.Debug|Any CPU.Build.0 = Debug|Any CPU
		{13A792C3-292C-4A0F-80F2-1B79B278EEA1}.Release|Any CPU.ActiveCfg = Release|Any CPU
		{13A792C3-292C-4A0F-80F2-1B79B278EEA1}.Release|Any CPU.Build.0 = Release|Any CPU
	EndGlobalSection
	GlobalSection(SolutionProperties) = preSolution
		HideSolutionNode = FALSE
	EndGlobalSection
	GlobalSection(ExtensibilityGlobals) = postSolution
		SolutionGuid = {73E2462E-507A-413B-B88C-0999F44906BF}
	EndGlobalSection
EndGlobal
